
Microsoft Visual Studio Solution File, Format Version 12.00
Project("{FAE04EC0-301F-11D3-BF4B-00C04F79EFBC}") = "ReBuildTool", "ReBuildTool\ReBuildTool.csproj", "{A8D59836-8B83-4FD3-96FF-4BBB5301A77B}"
EndProject
Project("{FAE04EC0-301F-11D3-BF4B-00C04F79EFBC}") = "ReBuildTool.Common", "ReBuildTool.Common\ReBuildTool.Common.csproj", "{3C541252-1B6E-40BB-8AD9-B55E931643E5}"
EndProject
Project("{FAE04EC0-301F-11D3-BF4B-00C04F79EFBC}") = "UniToLua-NetCore", "..\Vendor\UniToLua\UniToLua-NetCore\UniToLua-NetCore.csproj", "{EEEE206C-D0BF-41C3-957D-0F14A6EA51E4}"
EndProject
Project("{FAE04EC0-301F-11D3-BF4B-00C04F79EFBC}") = "ReBuildTool.LuaWrapper", "ReBuildTool.LuaWrapper\ReBuildTool.LuaWrapper.csproj", "{B3551114-3480-41CC-B997-D4BC280CA11B}"
EndProject
Project("{FAE04EC0-301F-11D3-BF4B-00C04F79EFBC}") = "ReCSharpCommon", "..\Vendor\ReCSharpCommon\ReCSharpCommon\ReCSharpCommon\ReCSharpCommon.csproj", "{06AA595F-C393-4F20-BC67-051A20FE5D05}"
EndProject
Project("{FAE04EC0-301F-11D3-BF4B-00C04F79EFBC}") = "ReBuildTool.CppCompiler", "ReBuildTool.CppCompiler\ReBuildTool.CppCompiler.csproj", "{685817B3-D237-4D79-9BA0-19CB554BDE5D}"
EndProject
Project("{2150E333-8FDC-42A3-9474-1A3956D46DE8}") = "Vendor", "Vendor", "{0C75A386-2780-4AB6-AA3F-B463C320A9C1}"
EndProject
Project("{2150E333-8FDC-42A3-9474-1A3956D46DE8}") = "Lib", "Lib", "{9957A3D9-7387-4B6B-A544-0B31CA4EB83A}"
EndProject
Project("{2150E333-8FDC-42A3-9474-1A3956D46DE8}") = "Tools", "Tools", "{A02E78AF-0DA1-4359-9973-8E3EBA6F9270}"
EndProject
Project("{FAE04EC0-301F-11D3-BF4B-00C04F79EFBC}") = "ReBuildTool.CppCompiler.Standalone", "ReBuildTool.CppCompiler.Standalone\ReBuildTool.CppCompiler.Standalone.csproj", "{A0BF9418-7714-492A-B1EC-34C34233CF39}"
EndProject
Global
	GlobalSection(SolutionConfigurationPlatforms) = preSolution
		Debug|Any CPU = Debug|Any CPU
		Release|Any CPU = Release|Any CPU
	EndGlobalSection
	GlobalSection(ProjectConfigurationPlatforms) = postSolution
		{A8D59836-8B83-4FD3-96FF-4BBB5301A77B}.Debug|Any CPU.ActiveCfg = Debug|Any CPU
		{A8D59836-8B83-4FD3-96FF-4BBB5301A77B}.Debug|Any CPU.Build.0 = Debug|Any CPU
		{A8D59836-8B83-4FD3-96FF-4BBB5301A77B}.Release|Any CPU.ActiveCfg = Release|Any CPU
		{A8D59836-8B83-4FD3-96FF-4BBB5301A77B}.Release|Any CPU.Build.0 = Release|Any CPU
		{3C541252-1B6E-40BB-8AD9-B55E931643E5}.Debug|Any CPU.ActiveCfg = Debug|Any CPU
		{3C541252-1B6E-40BB-8AD9-B55E931643E5}.Debug|Any CPU.Build.0 = Debug|Any CPU
		{3C541252-1B6E-40BB-8AD9-B55E931643E5}.Release|Any CPU.ActiveCfg = Release|Any CPU
		{3C541252-1B6E-40BB-8AD9-B55E931643E5}.Release|Any CPU.Build.0 = Release|Any CPU
		{EEEE206C-D0BF-41C3-957D-0F14A6EA51E4}.Debug|Any CPU.ActiveCfg = Debug|Any CPU
		{EEEE206C-D0BF-41C3-957D-0F14A6EA51E4}.Debug|Any CPU.Build.0 = Debug|Any CPU
		{EEEE206C-D0BF-41C3-957D-0F14A6EA51E4}.Release|Any CPU.ActiveCfg = Release|Any CPU
		{EEEE206C-D0BF-41C3-957D-0F14A6EA51E4}.Release|Any CPU.Build.0 = Release|Any CPU
		{B3551114-3480-41CC-B997-D4BC280CA11B}.Debug|Any CPU.ActiveCfg = Debug|Any CPU
		{B3551114-3480-41CC-B997-D4BC280CA11B}.Debug|Any CPU.Build.0 = Debug|Any CPU
		{B3551114-3480-41CC-B997-D4BC280CA11B}.Release|Any CPU.ActiveCfg = Release|Any CPU
		{B3551114-3480-41CC-B997-D4BC280CA11B}.Release|Any CPU.Build.0 = Release|Any CPU
		{06AA595F-C393-4F20-BC67-051A20FE5D05}.Debug|Any CPU.ActiveCfg = Debug|Any CPU
		{06AA595F-C393-4F20-BC67-051A20FE5D05}.Debug|Any CPU.Build.0 = Debug|Any CPU
		{06AA595F-C393-4F20-BC67-051A20FE5D05}.Release|Any CPU.ActiveCfg = Release|Any CPU
		{06AA595F-C393-4F20-BC67-051A20FE5D05}.Release|Any CPU.Build.0 = Release|Any CPU
		{685817B3-D237-4D79-9BA0-19CB554BDE5D}.Debug|Any CPU.ActiveCfg = Debug|Any CPU
		{685817B3-D237-4D79-9BA0-19CB554BDE5D}.Debug|Any CPU.Build.0 = Debug|Any CPU
		{685817B3-D237-4D79-9BA0-19CB554BDE5D}.Release|Any CPU.ActiveCfg = Release|Any CPU
		{685817B3-D237-4D79-9BA0-19CB554BDE5D}.Release|Any CPU.Build.0 = Release|Any CPU
		{A0BF9418-7714-492A-B1EC-34C34233CF39}.Debug|Any CPU.ActiveCfg = Debug|Any CPU
		{A0BF9418-7714-492A-B1EC-34C34233CF39}.Debug|Any CPU.Build.0 = Debug|Any CPU
		{A0BF9418-7714-492A-B1EC-34C34233CF39}.Release|Any CPU.ActiveCfg = Release|Any CPU
		{A0BF9418-7714-492A-B1EC-34C34233CF39}.Release|Any CPU.Build.0 = Release|Any CPU
	EndGlobalSection
	GlobalSection(NestedProjects) = preSolution
		{06AA595F-C393-4F20-BC67-051A20FE5D05} = {0C75A386-2780-4AB6-AA3F-B463C320A9C1}
		{EEEE206C-D0BF-41C3-957D-0F14A6EA51E4} = {0C75A386-2780-4AB6-AA3F-B463C320A9C1}
		{685817B3-D237-4D79-9BA0-19CB554BDE5D} = {9957A3D9-7387-4B6B-A544-0B31CA4EB83A}
		{3C541252-1B6E-40BB-8AD9-B55E931643E5} = {9957A3D9-7387-4B6B-A544-0B31CA4EB83A}
		{A8D59836-8B83-4FD3-96FF-4BBB5301A77B} = {A02E78AF-0DA1-4359-9973-8E3EBA6F9270}
		{B3551114-3480-41CC-B997-D4BC280CA11B} = {9957A3D9-7387-4B6B-A544-0B31CA4EB83A}
		{A0BF9418-7714-492A-B1EC-34C34233CF39} = {A02E78AF-0DA1-4359-9973-8E3EBA6F9270}
	EndGlobalSection
EndGlobal
