
Microsoft Visual Studio Solution File, Format Version 11.00
# Visual Studio 2010
Project("{a9c385af-2bcc-41cc-8257-9085e5043bbf}") = "CompileRules", "D:\Document\MyProjects\ReBuildTool\Sample\BuildCpp\Intermedia\CppBuildRule\Project\CompileRules.csproj", "{a9c385af-2bcc-41cc-8257-9085e5043bbf}"
EndProject
Global
	GlobalSection(SolutionConfigurationPlatforms) = preSolution
		Debug|Any CPU = Debug|Any CPU
		Release|Any CPU = Release|Any CPU
	EndGlobalSection
	GlobalSection(ProjectConfigurationPlatforms) = postSolution
		{a9c385af-2bcc-41cc-8257-9085e5043bbf}.Debug|Any CPU.ActiveCfg = Debug|Any CPU
		{a9c385af-2bcc-41cc-8257-9085e5043bbf}.Debug|Any CPU.Build.0 = Debug|Any CPU
		{a9c385af-2bcc-41cc-8257-9085e5043bbf}.Release|Any CPU.ActiveCfg = Release|Any CPU
		{a9c385af-2bcc-41cc-8257-9085e5043bbf}.Release|Any CPU.Build.0 = Release|Any CPU
	EndGlobalSection
	GlobalSection(SolutionProperties) = preSolution
		HideSolutionNode = FALSE
	EndGlobalSection
EndGlobal