
Microsoft Visual Studio Solution File, Format Version 11.00
# Visual Studio 2010
Project("{d7888403-0066-40de-9ebe-727a587e6fea}") = "CompileRules", "D:\Document\MyProjects\ReBuildTool\Sample\BuildCpp\Intermedia\CppBuildRule\Project\CompileRules.csproj", "{d7888403-0066-40de-9ebe-727a587e6fea}"
EndProject
Global
	GlobalSection(SolutionConfigurationPlatforms) = preSolution
		Debug|Any CPU = Debug|Any CPU
		Release|Any CPU = Release|Any CPU
	EndGlobalSection
	GlobalSection(ProjectConfigurationPlatforms) = postSolution
		{d7888403-0066-40de-9ebe-727a587e6fea}.Debug|Any CPU.ActiveCfg = Debug|Any CPU
		{d7888403-0066-40de-9ebe-727a587e6fea}.Debug|Any CPU.Build.0 = Debug|Any CPU
		{d7888403-0066-40de-9ebe-727a587e6fea}.Release|Any CPU.ActiveCfg = Release|Any CPU
		{d7888403-0066-40de-9ebe-727a587e6fea}.Release|Any CPU.Build.0 = Release|Any CPU
	EndGlobalSection
	GlobalSection(SolutionProperties) = preSolution
		HideSolutionNode = FALSE
	EndGlobalSection
EndGlobal